// !$*UTF8*$!
{
	archiveVersion = 1;
	classes = {
	};
	objectVersion = 56;
	objects = {

/* Begin PBXBuildFile section */
		A25FAE1F2F34554C0002F12F /* Subscription.swift in Sources */ = {isa = PBXBuildFile; fileRef = A25FAE1E2F34554C0002F12F /* Subscription.swift */; };
		A271324D2F345846003900E7 /* Colors.swift in Sources */ = {isa = PBXBuildFile; fileRef = A271324C2F345846003900E7 /* Colors.swift */; };
		A271324F2F345850003900E7 /* DashboardViewController.swift in Sources */ = {isa = PBXBuildFile; fileRef = A271324E2F345850003900E7 /* DashboardViewController.swift */; };
		A28758C52F34E8A700E0B5CB /* ChatViewController.swift in Sources */ = {isa = PBXBuildFile; fileRef = A28758C42F34E8A700E0B5CB /* ChatViewController.swift */; };
		A28758C72F34E90800E0B5CB /* ChatMessage.swift in Sources */ = {isa = PBXBuildFile; fileRef = A28758C62F34E90800E0B5CB /* ChatMessage.swift */; };
		A28758C92F34E91700E0B5CB /* ChatMessageCell.swift in Sources */ = {isa = PBXBuildFile; fileRef = A28758C82F34E91700E0B5CB /* ChatMessageCell.swift */; };
		AA000001 /* AppDelegate.swift in Sources */ = {isa = PBXBuildFile; fileRef = AA000002 /* AppDelegate.swift */; };
		AA000003 /* SceneDelegate.swift in Sources */ = {isa = PBXBuildFile; fileRef = AA000004 /* SceneDelegate.swift */; };
		AA000005 /* LoginViewController.swift in Sources */ = {isa = PBXBuildFile; fileRef = AA000006 /* LoginViewController.swift */; };
		AA000007 /* MainNavigationViewController.swift in Sources */ = {isa = PBXBuildFile; fileRef = AA000008 /* MainNavigationViewController.swift */; };
		AA000009 /* OrdersViewController.swift in Sources */ = {isa = PBXBuildFile; fileRef = AA000010 /* OrdersViewController.swift */; };
		AA000013 /* MenuViewController.swift in Sources */ = {isa = PBXBuildFile; fileRef = AA000014 /* MenuViewController.swift */; };
		AA000015 /* SettingsViewController.swift in Sources */ = {isa = PBXBuildFile; fileRef = AA000016 /* SettingsViewController.swift */; };
		AA000017 /* SupportViewController.swift in Sources */ = {isa = PBXBuildFile; fileRef = AA000018 /* SupportViewController.swift */; };
		AA000019 /* OrderTableViewCell.swift in Sources */ = {isa = PBXBuildFile; fileRef = AA000020 /* OrderTableViewCell.swift */; };
		AA000021 /* MenuItemTableViewCell.swift in Sources */ = {isa = PBXBuildFile; fileRef = AA000022 /* MenuItemTableViewCell.swift */; };
		AA000023 /* ApiService.swift in Sources */ = {isa = PBXBuildFile; fileRef = AA000024 /* ApiService.swift */; };
		AA000025 /* AuthService.swift in Sources */ = {isa = PBXBuildFile; fileRef = AA000026 /* AuthService.swift */; };
		AA000027 /* PrinterHelper.swift in Sources */ = {isa = PBXBuildFile; fileRef = AA000028 /* PrinterHelper.swift */; };
		AA000029 /* User.swift in Sources */ = {isa = PBXBuildFile; fileRef = AA000030 /* User.swift */; };
		AA000031 /* Order.swift in Sources */ = {isa = PBXBuildFile; fileRef = AA000032 /* Order.swift */; };
		AA000033 /* MenuItem.swift in Sources */ = {isa = PBXBuildFile; fileRef = AA000034 /* MenuItem.swift */; };
		AA000035 /* Dashboard.swift in Sources */ = {isa = PBXBuildFile; fileRef = AA000036 /* Dashboard.swift */; };
		AA000037 /* LogoView.swift in Sources */ = {isa = PBXBuildFile; fileRef = AA000038 /* LogoView.swift */; };
		AA000039 /* LaunchScreen.storyboard in Resources */ = {isa = PBXBuildFile; fileRef = AA000040 /* LaunchScreen.storyboard */; };
		AA000044 /* Assets.xcassets in Resources */ = {isa = PBXBuildFile; fileRef = AA000045 /* Assets.xcassets */; };
/* End PBXBuildFile section */

/* Begin PBXFileReference section */
		A25FAE1E2F34554C0002F12F /* Subscription.swift */ = {isa = PBXFileReference; lastKnownFileType = sourcecode.swift; path = Subscription.swift; sourceTree = "<group>"; };
		A271324C2F345846003900E7 /* Colors.swift */ = {isa = PBXFileReference; lastKnownFileType = sourcecode.swift; path = Colors.swift; sourceTree = "<group>"; };
		A271324E2F345850003900E7 /* DashboardViewController.swift */ = {isa = PBXFileReference; lastKnownFileType = sourcecode.swift; path = DashboardViewController.swift; sourceTree = "<group>"; };
		A28758C42F34E8A700E0B5CB /* ChatViewController.swift */ = {isa = PBXFileReference; lastKnownFileType = sourcecode.swift; path = ChatViewController.swift; sourceTree = "<group>"; };
		A28758C62F34E90800E0B5CB /* ChatMessage.swift */ = {isa = PBXFileReference; lastKnownFileType = sourcecode.swift; path = ChatMessage.swift; sourceTree = "<group>"; };
		A28758C82F34E91700E0B5CB /* ChatMessageCell.swift */ = {isa = PBXFileReference; lastKnownFileType = sourcecode.swift; path = ChatMessageCell.swift; sourceTree = "<group>"; };
		AA000002 /* AppDelegate.swift */ = {isa = PBXFileReference; lastKnownFileType = sourcecode.swift; path = AppDelegate.swift; sourceTree = "<group>"; };
		AA000004 /* SceneDelegate.swift */ = {isa = PBXFileReference; lastKnownFileType = sourcecode.swift; path = SceneDelegate.swift; sourceTree = "<group>"; };
		AA000006 /* LoginViewController.swift */ = {isa = PBXFileReference; lastKnownFileType = sourcecode.swift; path = LoginViewController.swift; sourceTree = "<group>"; };
		AA000008 /* MainNavigationViewController.swift */ = {isa = PBXFileReference; lastKnownFileType = sourcecode.swift; path = MainNavigationViewController.swift; sourceTree = "<group>"; };
		AA000010 /* OrdersViewController.swift */ = {isa = PBXFileReference; lastKnownFileType = sourcecode.swift; path = OrdersViewController.swift; sourceTree = "<group>"; };
		AA000014 /* MenuViewController.swift */ = {isa = PBXFileReference; lastKnownFileType = sourcecode.swift; path = MenuViewController.swift; sourceTree = "<group>"; };
		AA000016 /* SettingsViewController.swift */ = {isa = PBXFileReference; lastKnownFileType = sourcecode.swift; path = SettingsViewController.swift; sourceTree = "<group>"; };
		AA000018 /* SupportViewController.swift */ = {isa = PBXFileReference; lastKnownFileType = sourcecode.swift; path = SupportViewController.swift; sourceTree = "<group>"; };
		AA000020 /* OrderTableViewCell.swift */ = {isa = PBXFileReference; lastKnownFileType = sourcecode.swift; path = OrderTableViewCell.swift; sourceTree = "<group>"; };
		AA000022 /* MenuItemTableViewCell.swift */ = {isa = PBXFileReference; lastKnownFileType = sourcecode.swift; path = MenuItemTableViewCell.swift; sourceTree = "<group>"; };
		AA000024 /* ApiService.swift */ = {isa = PBXFileReference; lastKnownFileType = sourcecode.swift; path = ApiService.swift; sourceTree = "<group>"; };
		AA000026 /* AuthService.swift */ = {isa = PBXFileReference; lastKnownFileType = sourcecode.swift; path = AuthService.swift; sourceTree = "<group>"; };
		AA000028 /* PrinterHelper.swift */ = {isa = PBXFileReference; lastKnownFileType = sourcecode.swift; path = PrinterHelper.swift; sourceTree = "<group>"; };
		AA000030 /* User.swift */ = {isa = PBXFileReference; lastKnownFileType = sourcecode.swift; path = User.swift; sourceTree = "<group>"; };
		AA000032 /* Order.swift */ = {isa = PBXFileReference; lastKnownFileType = sourcecode.swift; path = Order.swift; sourceTree = "<group>"; };
		AA000034 /* MenuItem.swift */ = {isa = PBXFileReference; lastKnownFileType = sourcecode.swift; path = MenuItem.swift; sourceTree = "<group>"; };
		AA000036 /* Dashboard.swift */ = {isa = PBXFileReference; lastKnownFileType = sourcecode.swift; path = Dashboard.swift; sourceTree = "<group>"; };
		AA000038 /* LogoView.swift */ = {isa = PBXFileReference; lastKnownFileType = sourcecode.swift; path = LogoView.swift; sourceTree = "<group>"; };
		AA000040 /* LaunchScreen.storyboard */ = {isa = PBXFileReference; lastKnownFileType = file.storyboard; path = LaunchScreen.storyboard; sourceTree = "<group>"; };
		AA000042 /* Info.plist */ = {isa = PBXFileReference; lastKnownFileType = text.plist.xml; path = Info.plist; sourceTree = "<group>"; };
		AA000043 /* PedidosExpress.app */ = {isa = PBXFileReference; explicitFileType = wrapper.application; includeInIndex = 0; path = PedidosExpress.app; sourceTree = BUILT_PRODUCTS_DIR; };
		AA000045 /* Assets.xcassets */ = {isa = PBXFileReference; lastKnownFileType = folder.assetcatalog; path = Assets.xcassets; sourceTree = "<group>"; };
/* End PBXFileReference section */

/* Begin PBXFrameworksBuildPhase section */
		AA000064 /* Frameworks */ = {
			isa = PBXFrameworksBuildPhase;
			buildActionMask = 2147483647;
			files = (
			);
			runOnlyForDeploymentPostprocessing = 0;
		};
/* End PBXFrameworksBuildPhase section */

/* Begin PBXGroup section */
		AA000046 /* PedidosExpress */ = {
			isa = PBXGroup;
			children = (
				AA000048 /* Models */,
				AA000049 /* Services */,
				AA000050 /* ViewControllers */,
				AA000051 /* Views */,
				AA000052 /* Resources */,
				AA000002 /* AppDelegate.swift */,
				AA000004 /* SceneDelegate.swift */,
			);
			path = PedidosExpress;
			sourceTree = "<group>";
		};
		AA000047 /* Products */ = {
			isa = PBXGroup;
			children = (
				AA000043 /* PedidosExpress.app */,
			);
			name = Products;
			sourceTree = "<group>";
		};
		AA000048 /* Models */ = {
			isa = PBXGroup;
			children = (
				A28758C62F34E90800E0B5CB /* ChatMessage.swift */,
				A25FAE1E2F34554C0002F12F /* Subscription.swift */,
				AA000030 /* User.swift */,
				AA000032 /* Order.swift */,
				AA000034 /* MenuItem.swift */,
				AA000036 /* Dashboard.swift */,
			);
			path = Models;
			sourceTree = "<group>";
		};
		AA000049 /* Services */ = {
			isa = PBXGroup;
			children = (
				AA000024 /* ApiService.swift */,
				AA000026 /* AuthService.swift */,
				AA000028 /* PrinterHelper.swift */,
			);
			path = Services;
			sourceTree = "<group>";
		};
		AA000050 /* ViewControllers */ = {
			isa = PBXGroup;
			children = (
				A28758C42F34E8A700E0B5CB /* ChatViewController.swift */,
				A271324E2F345850003900E7 /* DashboardViewController.swift */,
				AA000006 /* LoginViewController.swift */,
				AA000008 /* MainNavigationViewController.swift */,
				AA000010 /* OrdersViewController.swift */,
				AA000014 /* MenuViewController.swift */,
				AA000016 /* SettingsViewController.swift */,
				AA000018 /* SupportViewController.swift */,
			);
			path = ViewControllers;
			sourceTree = "<group>";
		};
		AA000051 /* Views */ = {
			isa = PBXGroup;
			children = (
				A28758C82F34E91700E0B5CB /* ChatMessageCell.swift */,
				AA000020 /* OrderTableViewCell.swift */,
				AA000022 /* MenuItemTableViewCell.swift */,
				AA000038 /* LogoView.swift */,
			);
			path = Views;
			sourceTree = "<group>";
		};
		AA000052 /* Resources */ = {
			isa = PBXGroup;
			children = (
				AA000045 /* Assets.xcassets */,
				AA000040 /* LaunchScreen.storyboard */,
				A271324C2F345846003900E7 /* Colors.swift */,
				AA000042 /* Info.plist */,
			);
			path = Resources;
			sourceTree = "<group>";
		};
		AA000063 = {
			isa = PBXGroup;
			children = (
				AA000046 /* PedidosExpress */,
				AA000047 /* Products */,
			);
			sourceTree = "<group>";
		};
/* End PBXGroup section */

/* Begin PBXNativeTarget section */
		AA000053 /* PedidosExpress */ = {
			isa = PBXNativeTarget;
			buildConfigurationList = AA000054 /* Build configuration list for PBXNativeTarget "PedidosExpress" */;
			buildPhases = (
				AA000055 /* Sources */,
				AA000064 /* Frameworks */,
				AA000056 /* Resources */,
			);
			buildRules = (
			);
			dependencies = (
			);
			name = PedidosExpress;
			productName = PedidosExpress;
			productReference = AA000043 /* PedidosExpress.app */;
			productType = "com.apple.product-type.application";
		};
/* End PBXNativeTarget section */

/* Begin PBXProject section */
		AA000057 /* Project object */ = {
			isa = PBXProject;
			attributes = {
				BuildIndependentTargetsInParallel = 1;
				LastSwiftUpdateCheck = 1500;
				LastUpgradeCheck = 2610;
			};
			buildConfigurationList = AA000058 /* Build configuration list for PBXProject "PedidosExpress" */;
			compatibilityVersion = "Xcode 14.0";
			developmentRegion = en;
			hasScannedForEncodings = 0;
			knownRegions = (
				en,
				Base,
			);
			mainGroup = AA000063;
			productRefGroup = AA000047 /* Products */;
			projectDirPath = "";
			projectRoot = "";
			targets = (
				AA000053 /* PedidosExpress */,
			);
		};
/* End PBXProject section */

/* Begin PBXResourcesBuildPhase section */
		AA000056 /* Resources */ = {
			isa = PBXResourcesBuildPhase;
			buildActionMask = 2147483647;
			files = (
				AA000044 /* Assets.xcassets in Resources */,
				AA000039 /* LaunchScreen.storyboard in Resources */,
			);
			runOnlyForDeploymentPostprocessing = 0;
		};
/* End PBXResourcesBuildPhase section */

/* Begin PBXSourcesBuildPhase section */
		AA000055 /* Sources */ = {
			isa = PBXSourcesBuildPhase;
			buildActionMask = 2147483647;
			files = (
				AA000001 /* AppDelegate.swift in Sources */,
				A271324F2F345850003900E7 /* DashboardViewController.swift in Sources */,
				A28758C52F34E8A700E0B5CB /* ChatViewController.swift in Sources */,
				A271324D2F345846003900E7 /* Colors.swift in Sources */,
				AA000003 /* SceneDelegate.swift in Sources */,
				AA000005 /* LoginViewController.swift in Sources */,
				AA000007 /* MainNavigationViewController.swift in Sources */,
				A28758C72F34E90800E0B5CB /* ChatMessage.swift in Sources */,
				A25FAE1F2F34554C0002F12F /* Subscription.swift in Sources */,
				AA000009 /* OrdersViewController.swift in Sources */,
				AA000013 /* MenuViewController.swift in Sources */,
				AA000015 /* SettingsViewController.swift in Sources */,
				AA000017 /* SupportViewController.swift in Sources */,
				AA000019 /* OrderTableViewCell.swift in Sources */,
				AA000021 /* MenuItemTableViewCell.swift in Sources */,
				AA000037 /* LogoView.swift in Sources */,
				AA000023 /* ApiService.swift in Sources */,
				AA000025 /* AuthService.swift in Sources */,
				AA000027 /* PrinterHelper.swift in Sources */,
				AA000029 /* User.swift in Sources */,
				AA000031 /* Order.swift in Sources */,
				A28758C92F34E91700E0B5CB /* ChatMessageCell.swift in Sources */,
				AA000033 /* MenuItem.swift in Sources */,
				AA000035 /* Dashboard.swift in Sources */,
			);
			runOnlyForDeploymentPostprocessing = 0;
		};
/* End PBXSourcesBuildPhase section */

/* Begin XCBuildConfiguration section */
		AA000059 /* Debug */ = {
			isa = XCBuildConfiguration;
			buildSettings = {
				ALWAYS_SEARCH_USER_PATHS = NO;
				ASSETCATALOG_COMPILER_APPICON_NAME = AppIcon;
				ASSETCATALOG_COMPILER_GLOBAL_ACCENT_COLOR_NAME = AccentColor;
				CLANG_WARN_BLOCK_CAPTURE_AUTORELEASING = YES;
				CLANG_WARN_BOOL_CONVERSION = YES;
				CLANG_WARN_COMMA = YES;
				CLANG_WARN_CONSTANT_CONVERSION = YES;
				CLANG_WARN_DEPRECATED_OBJC_IMPLEMENTATIONS = YES;
				CLANG_WARN_EMPTY_BODY = YES;
				CLANG_WARN_ENUM_CONVERSION = YES;
				CLANG_WARN_INFINITE_RECURSION = YES;
				CLANG_WARN_INT_CONVERSION = YES;
				CLANG_WARN_NON_LITERAL_NULL_CONVERSION = YES;
				CLANG_WARN_OBJC_IMPLICIT_RETAIN_SELF = YES;
				CLANG_WARN_OBJC_LITERAL_CONVERSION = YES;
				CLANG_WARN_QUOTED_INCLUDE_IN_FRAMEWORK_HEADER = YES;
				CLANG_WARN_RANGE_LOOP_ANALYSIS = YES;
				CLANG_WARN_STRICT_PROTOTYPES = YES;
				CLANG_WARN_SUSPICIOUS_MOVE = YES;
				CLANG_WARN_UNREACHABLE_CODE = YES;
				CLANG_WARN__DUPLICATE_METHOD_MATCH = YES;
				CODE_SIGN_STYLE = Automatic;
				CURRENT_PROJECT_VERSION = 2;
				DEVELOPMENT_TEAM = CRQL6M9Z9L;
				ENABLE_PREVIEWS = YES;
				ENABLE_STRICT_OBJC_MSGSEND = YES;
				ENABLE_TESTABILITY = YES;
				ENABLE_USER_SCRIPT_SANDBOXING = YES;
				GCC_NO_COMMON_BLOCKS = YES;
				GCC_OPTIMIZATION_LEVEL = 0;
				GCC_WARN_64_TO_32_BIT_CONVERSION = YES;
				GCC_WARN_ABOUT_RETURN_TYPE = YES;
				GCC_WARN_UNDECLARED_SELECTOR = YES;
				GCC_WARN_UNINITIALIZED_AUTOS = YES;
				GCC_WARN_UNUSED_FUNCTION = YES;
				GCC_WARN_UNUSED_VARIABLE = YES;
				GENERATE_INFOPLIST_FILE = NO;
				INFOPLIST_FILE = PedidosExpress/Resources/Info.plist;
				INFOPLIST_KEY_NSBluetoothAlwaysUsageDescription = "Este app precisa de acesso Bluetooth para conectar com impressoras térmicas e imprimir pedidos.";
				INFOPLIST_KEY_NSBluetoothPeripheralUsageDescription = "Este app precisa de acesso Bluetooth para conectar com impressoras térmicas e imprimir pedidos.";
				INFOPLIST_KEY_UIApplicationSceneManifest_Generation = YES;
				INFOPLIST_KEY_UIApplicationSupportsIndirectInputEvents = YES;
				INFOPLIST_KEY_UILaunchScreen_Generation = YES;
				INFOPLIST_KEY_UISupportedInterfaceOrientations = UIInterfaceOrientationPortrait;
				INFOPLIST_KEY_UISupportedInterfaceOrientations_iPad = "UIInterfaceOrientationPortrait UIInterfaceOrientationPortraitUpsideDown UIInterfaceOrientationLandscapeLeft UIInterfaceOrientationLandscapeRight";
				IPHONEOS_DEPLOYMENT_TARGET = 15.0;
				LD_RUNPATH_SEARCH_PATHS = (
					"$(inherited)",
					"@executable_path/Frameworks",
				);
				MARKETING_VERSION = 1.0.1;
				ONLY_ACTIVE_ARCH = YES;
				PRODUCT_BUNDLE_IDENTIFIER = com.pedidosexpress;
				PRODUCT_NAME = "$(TARGET_NAME)";
				SDKROOT = iphoneos;
				STRING_CATALOG_GENERATE_SYMBOLS = YES;
				SWIFT_ACTIVE_COMPILATION_CONDITIONS = DEBUG;
				SWIFT_OPTIMIZATION_LEVEL = "-Onone";
				SWIFT_VERSION = 5.9;
				TARGETED_DEVICE_FAMILY = "1,2";
			};
			name = Debug;
		};
		AA000060 /* Release */ = {
			isa = XCBuildConfiguration;
			buildSettings = {
				ALWAYS_SEARCH_USER_PATHS = NO;
				ASSETCATALOG_COMPILER_APPICON_NAME = AppIcon;
				ASSETCATALOG_COMPILER_GLOBAL_ACCENT_COLOR_NAME = AccentColor;
				CLANG_WARN_BLOCK_CAPTURE_AUTORELEASING = YES;
				CLANG_WARN_BOOL_CONVERSION = YES;
				CLANG_WARN_COMMA = YES;
				CLANG_WARN_CONSTANT_CONVERSION = YES;
				CLANG_WARN_DEPRECATED_OBJC_IMPLEMENTATIONS = YES;
				CLANG_WARN_EMPTY_BODY = YES;
				CLANG_WARN_ENUM_CONVERSION = YES;
				CLANG_WARN_INFINITE_RECURSION = YES;
				CLANG_WARN_INT_CONVERSION = YES;
				CLANG_WARN_NON_LITERAL_NULL_CONVERSION = YES;
				CLANG_WARN_OBJC_IMPLICIT_RETAIN_SELF = YES;
				CLANG_WARN_OBJC_LITERAL_CONVERSION = YES;
				CLANG_WARN_QUOTED_INCLUDE_IN_FRAMEWORK_HEADER = YES;
				CLANG_WARN_RANGE_LOOP_ANALYSIS = YES;
				CLANG_WARN_STRICT_PROTOTYPES = YES;
				CLANG_WARN_SUSPICIOUS_MOVE = YES;
				CLANG_WARN_UNREACHABLE_CODE = YES;
				CLANG_WARN__DUPLICATE_METHOD_MATCH = YES;
				CODE_SIGN_STYLE = Automatic;
				CURRENT_PROJECT_VERSION = 2;
				DEVELOPMENT_TEAM = CRQL6M9Z9L;
				ENABLE_PREVIEWS = YES;
				ENABLE_STRICT_OBJC_MSGSEND = YES;
				ENABLE_USER_SCRIPT_SANDBOXING = YES;
				GCC_NO_COMMON_BLOCKS = YES;
				GCC_WARN_64_TO_32_BIT_CONVERSION = YES;
				GCC_WARN_ABOUT_RETURN_TYPE = YES;
				GCC_WARN_UNDECLARED_SELECTOR = YES;
				GCC_WARN_UNINITIALIZED_AUTOS = YES;
				GCC_WARN_UNUSED_FUNCTION = YES;
				GCC_WARN_UNUSED_VARIABLE = YES;
				GENERATE_INFOPLIST_FILE = NO;
				INFOPLIST_FILE = PedidosExpress/Resources/Info.plist;
				INFOPLIST_KEY_NSBluetoothAlwaysUsageDescription = "Este app precisa de acesso Bluetooth para conectar com impressoras térmicas e imprimir pedidos.";
				INFOPLIST_KEY_NSBluetoothPeripheralUsageDescription = "Este app precisa de acesso Bluetooth para conectar com impressoras térmicas e imprimir pedidos.";
				INFOPLIST_KEY_UIApplicationSceneManifest_Generation = YES;
				INFOPLIST_KEY_UIApplicationSupportsIndirectInputEvents = YES;
				INFOPLIST_KEY_UILaunchScreen_Generation = YES;
				INFOPLIST_KEY_UISupportedInterfaceOrientations = UIInterfaceOrientationPortrait;
				INFOPLIST_KEY_UISupportedInterfaceOrientations_iPad = "UIInterfaceOrientationPortrait UIInterfaceOrientationPortraitUpsideDown UIInterfaceOrientationLandscapeLeft UIInterfaceOrientationLandscapeRight";
				IPHONEOS_DEPLOYMENT_TARGET = 15.0;
				LD_RUNPATH_SEARCH_PATHS = (
					"$(inherited)",
					"@executable_path/Frameworks",
				);
				MARKETING_VERSION = 1.0.1;
				PRODUCT_BUNDLE_IDENTIFIER = com.pedidosexpress;
				PRODUCT_NAME = "$(TARGET_NAME)";
				SDKROOT = iphoneos;
				STRING_CATALOG_GENERATE_SYMBOLS = YES;
				SWIFT_COMPILATION_MODE = wholemodule;
				SWIFT_VERSION = 5.9;
				TARGETED_DEVICE_FAMILY = "1,2";
			};
			name = Release;
		};
		AA000061 /* Debug */ = {
			isa = XCBuildConfiguration;
			buildSettings = {
				ASSETCATALOG_COMPILER_APPICON_NAME = AppIcon;
				ASSETCATALOG_COMPILER_GLOBAL_ACCENT_COLOR_NAME = AccentColor;
				CLANG_ENABLE_OBJC_WEAK = YES;
				CODE_SIGN_STYLE = Automatic;
				CURRENT_PROJECT_VERSION = 2;
				ENABLE_PREVIEWS = YES;
				GENERATE_INFOPLIST_FILE = NO;
				INFOPLIST_FILE = PedidosExpress/Resources/Info.plist;
				INFOPLIST_KEY_NSBluetoothAlwaysUsageDescription = "Este app precisa de acesso Bluetooth para conectar com impressoras térmicas e imprimir pedidos.";
				INFOPLIST_KEY_NSBluetoothPeripheralUsageDescription = "Este app precisa de acesso Bluetooth para conectar com impressoras térmicas e imprimir pedidos.";
				INFOPLIST_KEY_UIApplicationSceneManifest_Generation = YES;
				INFOPLIST_KEY_UIApplicationSupportsIndirectInputEvents = YES;
				INFOPLIST_KEY_UILaunchScreen_Generation = YES;
				INFOPLIST_KEY_UISupportedInterfaceOrientations = UIInterfaceOrientationPortrait;
				INFOPLIST_KEY_UISupportedInterfaceOrientations_iPad = "UIInterfaceOrientationPortrait UIInterfaceOrientationPortraitUpsideDown UIInterfaceOrientationLandscapeLeft UIInterfaceOrientationLandscapeRight";
				IPHONEOS_DEPLOYMENT_TARGET = 15.0;
				LD_RUNPATH_SEARCH_PATHS = (
					"$(inherited)",
					"@executable_path/Frameworks",
				);
				MARKETING_VERSION = 1.0.1;
				PRODUCT_BUNDLE_IDENTIFIER = com.pedidosexpress;
				PRODUCT_NAME = "$(TARGET_NAME)";
				SDKROOT = iphoneos;
				SWIFT_OPTIMIZATION_LEVEL = "-Onone";
				SWIFT_VERSION = 5.9;
				TARGETED_DEVICE_FAMILY = "1,2";
			};
			name = Debug;
		};
		AA000062 /* Release */ = {
			isa = XCBuildConfiguration;
			buildSettings = {
				ASSETCATALOG_COMPILER_APPICON_NAME = AppIcon;
				ASSETCATALOG_COMPILER_GLOBAL_ACCENT_COLOR_NAME = AccentColor;
				CLANG_ENABLE_OBJC_WEAK = YES;
				CODE_SIGN_STYLE = Automatic;
				CURRENT_PROJECT_VERSION = 2;
				ENABLE_PREVIEWS = YES;
				GENERATE_INFOPLIST_FILE = NO;
				INFOPLIST_FILE = PedidosExpress/Resources/Info.plist;
				INFOPLIST_KEY_NSBluetoothAlwaysUsageDescription = "Este app precisa de acesso Bluetooth para conectar com impressoras térmicas e imprimir pedidos.";
				INFOPLIST_KEY_NSBluetoothPeripheralUsageDescription = "Este app precisa de acesso Bluetooth para conectar com impressoras térmicas e imprimir pedidos.";
				INFOPLIST_KEY_UIApplicationSceneManifest_Generation = YES;
				INFOPLIST_KEY_UIApplicationSupportsIndirectInputEvents = YES;
				INFOPLIST_KEY_UILaunchScreen_Generation = YES;
				INFOPLIST_KEY_UISupportedInterfaceOrientations = UIInterfaceOrientationPortrait;
				INFOPLIST_KEY_UISupportedInterfaceOrientations_iPad = "UIInterfaceOrientationPortrait UIInterfaceOrientationPortraitUpsideDown UIInterfaceOrientationLandscapeLeft UIInterfaceOrientationLandscapeRight";
				IPHONEOS_DEPLOYMENT_TARGET = 15.0;
				LD_RUNPATH_SEARCH_PATHS = (
					"$(inherited)",
					"@executable_path/Frameworks",
				);
				MARKETING_VERSION = 1.0.1;
				PRODUCT_BUNDLE_IDENTIFIER = com.pedidosexpress;
				PRODUCT_NAME = "$(TARGET_NAME)";
				SDKROOT = iphoneos;
				SWIFT_VERSION = 5.9;
				TARGETED_DEVICE_FAMILY = "1,2";
			};
			name = Release;
		};
/* End XCBuildConfiguration section */

/* Begin XCConfigurationList section */
		AA000054 /* Build configuration list for PBXNativeTarget "PedidosExpress" */ = {
			isa = XCConfigurationList;
			buildConfigurations = (
				AA000061 /* Debug */,
				AA000062 /* Release */,
			);
			defaultConfigurationIsVisible = 0;
			defaultConfigurationName = Release;
		};
		AA000058 /* Build configuration list for PBXProject "PedidosExpress" */ = {
			isa = XCConfigurationList;
			buildConfigurations = (
				AA000059 /* Debug */,
				AA000060 /* Release */,
			);
			defaultConfigurationIsVisible = 0;
			defaultConfigurationName = Release;
		};
/* End XCConfigurationList section */
	};
	rootObject = AA000057 /* Project object */;
}
